
Microsoft Visual Studio Solution File, Format Version 12.00
# Visual Studio 15
VisualStudioVersion = 15.0.27004.2005
MinimumVisualStudioVersion = 10.0.40219.1
Project("{9A19103F-16F7-4668-BE54-9A1E7A4F7556}") = "Eyrebot", "Eyrebot\Eyrebot.csproj", "{CA2779FC-0655-440A-8B64-E4C88EE45C2C}"
EndProject
Project("{FAE04EC0-301F-11D3-BF4B-00C04F79EFBC}") = "Eyrebot.UnitTests", "Eyrebot.UnitTests\Eyrebot.UnitTests.csproj", "{87B2F475-329F-4804-92A2-F3C6F2622154}"
EndProject
Global
	GlobalSection(SolutionConfigurationPlatforms) = preSolution
		Debug|Any CPU = Debug|Any CPU
		Release|Any CPU = Release|Any CPU
	EndGlobalSection
	GlobalSection(ProjectConfigurationPlatforms) = postSolution
		{CA2779FC-0655-440A-8B64-E4C88EE45C2C}.Debug|Any CPU.ActiveCfg = Debug|Any CPU
		{CA2779FC-0655-440A-8B64-E4C88EE45C2C}.Debug|Any CPU.Build.0 = Debug|Any CPU
		{CA2779FC-0655-440A-8B64-E4C88EE45C2C}.Release|Any CPU.ActiveCfg = Release|Any CPU
		{CA2779FC-0655-440A-8B64-E4C88EE45C2C}.Release|Any CPU.Build.0 = Release|Any CPU
		{87B2F475-329F-4804-92A2-F3C6F2622154}.Debug|Any CPU.ActiveCfg = Debug|Any CPU
		{87B2F475-329F-4804-92A2-F3C6F2622154}.Debug|Any CPU.Build.0 = Debug|Any CPU
		{87B2F475-329F-4804-92A2-F3C6F2622154}.Release|Any CPU.ActiveCfg = Release|Any CPU
		{87B2F475-329F-4804-92A2-F3C6F2622154}.Release|Any CPU.Build.0 = Release|Any CPU
	EndGlobalSection
	GlobalSection(SolutionProperties) = preSolution
		HideSolutionNode = FALSE
	EndGlobalSection
	GlobalSection(ExtensibilityGlobals) = postSolution
		SolutionGuid = {FFA6856D-54A3-4B8B-8230-4AB926461B38}
	EndGlobalSection
EndGlobal
